
Microsoft Visual Studio Solution File, Format Version 12.00
# Visual Studio Version 16
VisualStudioVersion = 16.0.32602.291
MinimumVisualStudioVersion = 10.0.40219.1
Project("{FAE04EC0-301F-11D3-BF4B-00C04F79EFBC}") = "switch_case", "switch_case\switch_case.csproj", "{503003F9-8CCB-45D6-A51B-7A983A816DB2}"
EndProject
Global
	GlobalSection(SolutionConfigurationPlatforms) = preSolution
		Debug|Any CPU = Debug|Any CPU
		Release|Any CPU = Release|Any CPU
	EndGlobalSection
	GlobalSection(ProjectConfigurationPlatforms) = postSolution
		{503003F9-8CCB-45D6-A51B-7A983A816DB2}.Debug|Any CPU.ActiveCfg = Debug|Any CPU
		{503003F9-8CCB-45D6-A51B-7A983A816DB2}.Debug|Any CPU.Build.0 = Debug|Any CPU
		{503003F9-8CCB-45D6-A51B-7A983A816DB2}.Release|Any CPU.ActiveCfg = Release|Any CPU
		{503003F9-8CCB-45D6-A51B-7A983A816DB2}.Release|Any CPU.Build.0 = Release|Any CPU
	EndGlobalSection
	GlobalSection(SolutionProperties) = preSolution
		HideSolutionNode = FALSE
	EndGlobalSection
	GlobalSection(ExtensibilityGlobals) = postSolution
		SolutionGuid = {BB5079C4-28A9-4C0E-A80C-E703685AC736}
	EndGlobalSection
EndGlobal
